<Solution>
  <Folder Name="/src/">
    <Project Path="src/RogueBit.Console/RogueBit.Console.csproj" />
    <Project Path="src/RogueBit.Core/RogueBit.Core.csproj" />
  </Folder>
  <Folder Name="/tests/">
    <Project Path="tests/RogueBit.Core.Tests/RogueBit.Core.Tests.csproj" />
  </Folder>
</Solution>
